
Microsoft Visual Studio Solution File, Format Version 12.00
# Visual Studio Version 17
VisualStudioVersion = 17.12.35707.178 d17.12
MinimumVisualStudioVersion = 10.0.40219.1
Project("{FAE04EC0-301F-11D3-BF4B-00C04F79EFBC}") = "ExampleApp", "ExampleApp\ExampleApp.csproj", "{DEA27B2A-F68A-48AF-96E9-B52D13F1B06C}"
EndProject
Project("{FAE04EC0-301F-11D3-BF4B-00C04F79EFBC}") = "RandomNumberLibrary", "RandomNumberLibrary\RandomNumberLibrary.csproj", "{BD450A8D-CA45-4AC0-BEAA-A00963AE9D1B}"
EndProject
Global
	GlobalSection(SolutionConfigurationPlatforms) = preSolution
		Debug|Any CPU = Debug|Any CPU
		Release|Any CPU = Release|Any CPU
	EndGlobalSection
	GlobalSection(ProjectConfigurationPlatforms) = postSolution
		{DEA27B2A-F68A-48AF-96E9-B52D13F1B06C}.Debug|Any CPU.ActiveCfg = Debug|Any CPU
		{DEA27B2A-F68A-48AF-96E9-B52D13F1B06C}.Debug|Any CPU.Build.0 = Debug|Any CPU
		{DEA27B2A-F68A-48AF-96E9-B52D13F1B06C}.Release|Any CPU.ActiveCfg = Release|Any CPU
		{DEA27B2A-F68A-48AF-96E9-B52D13F1B06C}.Release|Any CPU.Build.0 = Release|Any CPU
		{BD450A8D-CA45-4AC0-BEAA-A00963AE9D1B}.Debug|Any CPU.ActiveCfg = Debug|Any CPU
		{BD450A8D-CA45-4AC0-BEAA-A00963AE9D1B}.Debug|Any CPU.Build.0 = Debug|Any CPU
		{BD450A8D-CA45-4AC0-BEAA-A00963AE9D1B}.Release|Any CPU.ActiveCfg = Release|Any CPU
		{BD450A8D-CA45-4AC0-BEAA-A00963AE9D1B}.Release|Any CPU.Build.0 = Release|Any CPU
	EndGlobalSection
	GlobalSection(SolutionProperties) = preSolution
		HideSolutionNode = FALSE
	EndGlobalSection
EndGlobal
